
Microsoft Visual Studio Solution File, Format Version 12.00
# Visual Studio Version 16
VisualStudioVersion = 16.0.29806.167
MinimumVisualStudioVersion = 10.0.40219.1
Project("{8BC9CEB8-8B4A-11D0-8D11-00A0C91BC942}") = "BlueCubicDev", "BlueCubicDev.vcxproj", "{B8A37AFF-9AC9-46D1-8CE1-2A1FD9D68F7A}"
EndProject
Global
	GlobalSection(SolutionConfigurationPlatforms) = preSolution
		Debug|x64 = Debug|x64
		Debug|x86 = Debug|x86
		Release|x64 = Release|x64
		Release|x86 = Release|x86
	EndGlobalSection
	GlobalSection(ProjectConfigurationPlatforms) = postSolution
		{B8A37AFF-9AC9-46D1-8CE1-2A1FD9D68F7A}.Debug|x64.ActiveCfg = Debug|x64
		{B8A37AFF-9AC9-46D1-8CE1-2A1FD9D68F7A}.Debug|x64.Build.0 = Debug|x64
		{B8A37AFF-9AC9-46D1-8CE1-2A1FD9D68F7A}.Debug|x86.ActiveCfg = Debug|Win32
		{B8A37AFF-9AC9-46D1-8CE1-2A1FD9D68F7A}.Debug|x86.Build.0 = Debug|Win32
		{B8A37AFF-9AC9-46D1-8CE1-2A1FD9D68F7A}.Release|x64.ActiveCfg = Release|x64
		{B8A37AFF-9AC9-46D1-8CE1-2A1FD9D68F7A}.Release|x64.Build.0 = Release|x64
		{B8A37AFF-9AC9-46D1-8CE1-2A1FD9D68F7A}.Release|x86.ActiveCfg = Release|Win32
		{B8A37AFF-9AC9-46D1-8CE1-2A1FD9D68F7A}.Release|x86.Build.0 = Release|Win32
	EndGlobalSection
	GlobalSection(SolutionProperties) = preSolution
		HideSolutionNode = FALSE
	EndGlobalSection
	GlobalSection(ExtensibilityGlobals) = postSolution
		SolutionGuid = {00574253-F675-4AC7-8F17-235CFF2B72E3}
	EndGlobalSection
EndGlobal
